// !$*UTF8*$!
{
	archiveVersion = 1;
	classes = {
	};
	objectVersion = 46;
	objects = {

/* Begin PBXBuildFile section */
		3403DCC41ED6740400DBAF24 /* JiaMBprogressHUD.bundle in Resources */ = {isa = PBXBuildFile; fileRef = 3403DCC31ED6740400DBAF24 /* JiaMBprogressHUD.bundle */; };
		3403DCC71ED6759000DBAF24 /* JiaMBProgressHUD+MP.m in Sources */ = {isa = PBXBuildFile; fileRef = 3403DCC61ED6759000DBAF24 /* JiaMBProgressHUD+MP.m */; };
		3403DCCA1ED6785500DBAF24 /* JiaMBProgressHUD.m in Sources */ = {isa = PBXBuildFile; fileRef = 3403DCC91ED6785500DBAF24 /* JiaMBProgressHUD.m */; };
		3416A5031ED3CF6D006E229B /* JiaCordovaSandBoxHelper.m in Sources */ = {isa = PBXBuildFile; fileRef = 3416A5021ED3CF6D006E229B /* JiaCordovaSandBoxHelper.m */; };
		3416A5081ED3E027006E229B /* JiaCordovaDownloadService.m in Sources */ = {isa = PBXBuildFile; fileRef = 3416A5071ED3E027006E229B /* JiaCordovaDownloadService.m */; };
		3416A50B1ED40C5E006E229B /* html.zip in Resources */ = {isa = PBXBuildFile; fileRef = 3416A50A1ED40C5E006E229B /* html.zip */; };
		34A22312A9EC000B08E0664B /* libPods-JiaCordova.a in Frameworks */ = {isa = PBXBuildFile; fileRef = 1DF3FAF97D294CE47AAA10CD /* libPods-JiaCordova.a */; };
		34CD69F81ED587A3003538EB /* TestCordovaViewController.m in Sources */ = {isa = PBXBuildFile; fileRef = 34CD69F71ED587A3003538EB /* TestCordovaViewController.m */; };
		34FD29431ED272AE00230BE3 /* main.m in Sources */ = {isa = PBXBuildFile; fileRef = 34FD29421ED272AE00230BE3 /* main.m */; };
		34FD29461ED272AE00230BE3 /* AppDelegate.m in Sources */ = {isa = PBXBuildFile; fileRef = 34FD29451ED272AE00230BE3 /* AppDelegate.m */; };
		34FD29491ED272AE00230BE3 /* RootViewController.m in Sources */ = {isa = PBXBuildFile; fileRef = 34FD29481ED272AE00230BE3 /* RootViewController.m */; };
		34FD294C1ED272AE00230BE3 /* DataViewController.m in Sources */ = {isa = PBXBuildFile; fileRef = 34FD294B1ED272AE00230BE3 /* DataViewController.m */; };
		34FD294F1ED272AE00230BE3 /* ModelController.m in Sources */ = {isa = PBXBuildFile; fileRef = 34FD294E1ED272AE00230BE3 /* ModelController.m */; };
		34FD29521ED272AE00230BE3 /* Main.storyboard in Resources */ = {isa = PBXBuildFile; fileRef = 34FD29501ED272AE00230BE3 /* Main.storyboard */; };
		34FD29541ED272AE00230BE3 /* Assets.xcassets in Resources */ = {isa = PBXBuildFile; fileRef = 34FD29531ED272AE00230BE3 /* Assets.xcassets */; };
		34FD29571ED272AE00230BE3 /* LaunchScreen.storyboard in Resources */ = {isa = PBXBuildFile; fileRef = 34FD29551ED272AE00230BE3 /* LaunchScreen.storyboard */; };
		34FD29621ED272AE00230BE3 /* JiaCordovaTests.m in Sources */ = {isa = PBXBuildFile; fileRef = 34FD29611ED272AE00230BE3 /* JiaCordovaTests.m */; };
		34FD296D1ED272AF00230BE3 /* JiaCordovaUITests.m in Sources */ = {isa = PBXBuildFile; fileRef = 34FD296C1ED272AF00230BE3 /* JiaCordovaUITests.m */; };
		34FD298B1ED27CD100230BE3 /* JiaAFHTTPSessionManager.m in Sources */ = {isa = PBXBuildFile; fileRef = 34FD297F1ED27CD100230BE3 /* JiaAFHTTPSessionManager.m */; };
		34FD298C1ED27CD100230BE3 /* JiaAFNetworkReachabilityManager.m in Sources */ = {isa = PBXBuildFile; fileRef = 34FD29821ED27CD100230BE3 /* JiaAFNetworkReachabilityManager.m */; };
		34FD298D1ED27CD100230BE3 /* JiaAFSecurityPolicy.m in Sources */ = {isa = PBXBuildFile; fileRef = 34FD29841ED27CD100230BE3 /* JiaAFSecurityPolicy.m */; };
		34FD298E1ED27CD100230BE3 /* JiaAFURLRequestSerialization.m in Sources */ = {isa = PBXBuildFile; fileRef = 34FD29861ED27CD100230BE3 /* JiaAFURLRequestSerialization.m */; };
		34FD298F1ED27CD100230BE3 /* JiaAFURLResponseSerialization.m in Sources */ = {isa = PBXBuildFile; fileRef = 34FD29881ED27CD100230BE3 /* JiaAFURLResponseSerialization.m */; };
		34FD29901ED27CD100230BE3 /* JiaAFURLSessionManager.m in Sources */ = {isa = PBXBuildFile; fileRef = 34FD298A1ED27CD100230BE3 /* JiaAFURLSessionManager.m */; };
		34FD29B01ED27D9000230BE3 /* config.xml in Resources */ = {isa = PBXBuildFile; fileRef = 34FD29AE1ED27D9000230BE3 /* config.xml */; };
		34FD29B11ED27D9000230BE3 /* www in Resources */ = {isa = PBXBuildFile; fileRef = 34FD29AF1ED27D9000230BE3 /* www */; };
		34FD29B51ED2AA2800230BE3 /* JiaAFNetworkActivityIndicatorManager.m in Sources */ = {isa = PBXBuildFile; fileRef = 34FD29B41ED2AA2800230BE3 /* JiaAFNetworkActivityIndicatorManager.m */; };
		34FD29C91ED2AABF00230BE3 /* JiaYTKBaseRequest.m in Sources */ = {isa = PBXBuildFile; fileRef = 34FD29B71ED2AABF00230BE3 /* JiaYTKBaseRequest.m */; };
		34FD29CA1ED2AABF00230BE3 /* JiaYTKBatchRequest.m in Sources */ = {isa = PBXBuildFile; fileRef = 34FD29B91ED2AABF00230BE3 /* JiaYTKBatchRequest.m */; };
		34FD29CB1ED2AABF00230BE3 /* JiaYTKBatchRequestAgent.m in Sources */ = {isa = PBXBuildFile; fileRef = 34FD29BB1ED2AABF00230BE3 /* JiaYTKBatchRequestAgent.m */; };
		34FD29CC1ED2AABF00230BE3 /* JiaYTKChainRequest.m in Sources */ = {isa = PBXBuildFile; fileRef = 34FD29BD1ED2AABF00230BE3 /* JiaYTKChainRequest.m */; };
		34FD29CD1ED2AABF00230BE3 /* JiaYTKChainRequestAgent.m in Sources */ = {isa = PBXBuildFile; fileRef = 34FD29BF1ED2AABF00230BE3 /* JiaYTKChainRequestAgent.m */; };
		34FD29CE1ED2AABF00230BE3 /* JiaYTKNetworkAgent.m in Sources */ = {isa = PBXBuildFile; fileRef = 34FD29C21ED2AABF00230BE3 /* JiaYTKNetworkAgent.m */; };
		34FD29CF1ED2AABF00230BE3 /* JiaYTKNetworkConfig.m in Sources */ = {isa = PBXBuildFile; fileRef = 34FD29C41ED2AABF00230BE3 /* JiaYTKNetworkConfig.m */; };
		34FD29D01ED2AABF00230BE3 /* JiaYTKNetworkPrivate.m in Sources */ = {isa = PBXBuildFile; fileRef = 34FD29C61ED2AABF00230BE3 /* JiaYTKNetworkPrivate.m */; };
		34FD29D11ED2AABF00230BE3 /* JiaYTKRequest.m in Sources */ = {isa = PBXBuildFile; fileRef = 34FD29C81ED2AABF00230BE3 /* JiaYTKRequest.m */; };
		34FD29D61ED2E03D00230BE3 /* JiaCordovaFileManage.m in Sources */ = {isa = PBXBuildFile; fileRef = 34FD29D51ED2E03D00230BE3 /* JiaCordovaFileManage.m */; };
		34FD29D91ED2E29500230BE3 /* JiaCordovaViewController.m in Sources */ = {isa = PBXBuildFile; fileRef = 34FD29D81ED2E29500230BE3 /* JiaCordovaViewController.m */; };
/* End PBXBuildFile section */

/* Begin PBXContainerItemProxy section */
		34FD295E1ED272AE00230BE3 /* PBXContainerItemProxy */ = {
			isa = PBXContainerItemProxy;
			containerPortal = 34FD29361ED272AE00230BE3 /* Project object */;
			proxyType = 1;
			remoteGlobalIDString = 34FD293D1ED272AE00230BE3;
			remoteInfo = JiaCordova;
		};
		34FD29691ED272AE00230BE3 /* PBXContainerItemProxy */ = {
			isa = PBXContainerItemProxy;
			containerPortal = 34FD29361ED272AE00230BE3 /* Project object */;
			proxyType = 1;
			remoteGlobalIDString = 34FD293D1ED272AE00230BE3;
			remoteInfo = JiaCordova;
		};
/* End PBXContainerItemProxy section */

/* Begin PBXFileReference section */
		1DF3FAF97D294CE47AAA10CD /* libPods-JiaCordova.a */ = {isa = PBXFileReference; explicitFileType = archive.ar; includeInIndex = 0; path = "libPods-JiaCordova.a"; sourceTree = BUILT_PRODUCTS_DIR; };
		3403DCC31ED6740400DBAF24 /* JiaMBprogressHUD.bundle */ = {isa = PBXFileReference; lastKnownFileType = "wrapper.plug-in"; path = JiaMBprogressHUD.bundle; sourceTree = "<group>"; };
		3403DCC51ED6759000DBAF24 /* JiaMBProgressHUD+MP.h */ = {isa = PBXFileReference; fileEncoding = 4; lastKnownFileType = sourcecode.c.h; path = "JiaMBProgressHUD+MP.h"; sourceTree = "<group>"; };
		3403DCC61ED6759000DBAF24 /* JiaMBProgressHUD+MP.m */ = {isa = PBXFileReference; fileEncoding = 4; lastKnownFileType = sourcecode.c.objc; path = "JiaMBProgressHUD+MP.m"; sourceTree = "<group>"; };
		3403DCC81ED6785500DBAF24 /* JiaMBProgressHUD.h */ = {isa = PBXFileReference; fileEncoding = 4; lastKnownFileType = sourcecode.c.h; path = JiaMBProgressHUD.h; sourceTree = "<group>"; };
		3403DCC91ED6785500DBAF24 /* JiaMBProgressHUD.m */ = {isa = PBXFileReference; fileEncoding = 4; lastKnownFileType = sourcecode.c.objc; path = JiaMBProgressHUD.m; sourceTree = "<group>"; };
		3416A5011ED3CF6D006E229B /* JiaCordovaSandBoxHelper.h */ = {isa = PBXFileReference; fileEncoding = 4; lastKnownFileType = sourcecode.c.h; path = JiaCordovaSandBoxHelper.h; sourceTree = "<group>"; };
		3416A5021ED3CF6D006E229B /* JiaCordovaSandBoxHelper.m */ = {isa = PBXFileReference; fileEncoding = 4; lastKnownFileType = sourcecode.c.objc; path = JiaCordovaSandBoxHelper.m; sourceTree = "<group>"; };
		3416A5061ED3E027006E229B /* JiaCordovaDownloadService.h */ = {isa = PBXFileReference; fileEncoding = 4; lastKnownFileType = sourcecode.c.h; path = JiaCordovaDownloadService.h; sourceTree = "<group>"; };
		3416A5071ED3E027006E229B /* JiaCordovaDownloadService.m */ = {isa = PBXFileReference; fileEncoding = 4; lastKnownFileType = sourcecode.c.objc; path = JiaCordovaDownloadService.m; sourceTree = "<group>"; };
		3416A50A1ED40C5E006E229B /* html.zip */ = {isa = PBXFileReference; lastKnownFileType = archive.zip; path = html.zip; sourceTree = "<group>"; };
		34CD69F61ED587A3003538EB /* TestCordovaViewController.h */ = {isa = PBXFileReference; fileEncoding = 4; lastKnownFileType = sourcecode.c.h; path = TestCordovaViewController.h; sourceTree = "<group>"; };
		34CD69F71ED587A3003538EB /* TestCordovaViewController.m */ = {isa = PBXFileReference; fileEncoding = 4; lastKnownFileType = sourcecode.c.objc; path = TestCordovaViewController.m; sourceTree = "<group>"; };
		34FD293E1ED272AE00230BE3 /* JiaCordova.app */ = {isa = PBXFileReference; explicitFileType = wrapper.application; includeInIndex = 0; path = JiaCordova.app; sourceTree = BUILT_PRODUCTS_DIR; };
		34FD29421ED272AE00230BE3 /* main.m */ = {isa = PBXFileReference; lastKnownFileType = sourcecode.c.objc; path = main.m; sourceTree = "<group>"; };
		34FD29441ED272AE00230BE3 /* AppDelegate.h */ = {isa = PBXFileReference; lastKnownFileType = sourcecode.c.h; path = AppDelegate.h; sourceTree = "<group>"; };
		34FD29451ED272AE00230BE3 /* AppDelegate.m */ = {isa = PBXFileReference; lastKnownFileType = sourcecode.c.objc; path = AppDelegate.m; sourceTree = "<group>"; };
		34FD29471ED272AE00230BE3 /* RootViewController.h */ = {isa = PBXFileReference; lastKnownFileType = sourcecode.c.h; path = RootViewController.h; sourceTree = "<group>"; };
		34FD29481ED272AE00230BE3 /* RootViewController.m */ = {isa = PBXFileReference; lastKnownFileType = sourcecode.c.objc; path = RootViewController.m; sourceTree = "<group>"; };
		34FD294A1ED272AE00230BE3 /* DataViewController.h */ = {isa = PBXFileReference; lastKnownFileType = sourcecode.c.h; path = DataViewController.h; sourceTree = "<group>"; };
		34FD294B1ED272AE00230BE3 /* DataViewController.m */ = {isa = PBXFileReference; lastKnownFileType = sourcecode.c.objc; path = DataViewController.m; sourceTree = "<group>"; };
		34FD294D1ED272AE00230BE3 /* ModelController.h */ = {isa = PBXFileReference; lastKnownFileType = sourcecode.c.h; path = ModelController.h; sourceTree = "<group>"; };
		34FD294E1ED272AE00230BE3 /* ModelController.m */ = {isa = PBXFileReference; lastKnownFileType = sourcecode.c.objc; path = ModelController.m; sourceTree = "<group>"; };
		34FD29511ED272AE00230BE3 /* Base */ = {isa = PBXFileReference; lastKnownFileType = file.storyboard; name = Base; path = Base.lproj/Main.storyboard; sourceTree = "<group>"; };
		34FD29531ED272AE00230BE3 /* Assets.xcassets */ = {isa = PBXFileReference; lastKnownFileType = folder.assetcatalog; path = Assets.xcassets; sourceTree = "<group>"; };
		34FD29561ED272AE00230BE3 /* Base */ = {isa = PBXFileReference; lastKnownFileType = file.storyboard; name = Base; path = Base.lproj/LaunchScreen.storyboard; sourceTree = "<group>"; };
		34FD29581ED272AE00230BE3 /* Info.plist */ = {isa = PBXFileReference; lastKnownFileType = text.plist.xml; path = Info.plist; sourceTree = "<group>"; };
		34FD295D1ED272AE00230BE3 /* JiaCordovaTests.xctest */ = {isa = PBXFileReference; explicitFileType = wrapper.cfbundle; includeInIndex = 0; path = JiaCordovaTests.xctest; sourceTree = BUILT_PRODUCTS_DIR; };
		34FD29611ED272AE00230BE3 /* JiaCordovaTests.m */ = {isa = PBXFileReference; lastKnownFileType = sourcecode.c.objc; path = JiaCordovaTests.m; sourceTree = "<group>"; };
		34FD29631ED272AE00230BE3 /* Info.plist */ = {isa = PBXFileReference; lastKnownFileType = text.plist.xml; path = Info.plist; sourceTree = "<group>"; };
		34FD29681ED272AE00230BE3 /* JiaCordovaUITests.xctest */ = {isa = PBXFileReference; explicitFileType = wrapper.cfbundle; includeInIndex = 0; path = JiaCordovaUITests.xctest; sourceTree = BUILT_PRODUCTS_DIR; };
		34FD296C1ED272AF00230BE3 /* JiaCordovaUITests.m */ = {isa = PBXFileReference; lastKnownFileType = sourcecode.c.objc; path = JiaCordovaUITests.m; sourceTree = "<group>"; };
		34FD296E1ED272AF00230BE3 /* Info.plist */ = {isa = PBXFileReference; lastKnownFileType = text.plist.xml; path = Info.plist; sourceTree = "<group>"; };
		34FD297E1ED27CD100230BE3 /* JiaAFHTTPSessionManager.h */ = {isa = PBXFileReference; fileEncoding = 4; lastKnownFileType = sourcecode.c.h; path = JiaAFHTTPSessionManager.h; sourceTree = "<group>"; };
		34FD297F1ED27CD100230BE3 /* JiaAFHTTPSessionManager.m */ = {isa = PBXFileReference; fileEncoding = 4; lastKnownFileType = sourcecode.c.objc; path = JiaAFHTTPSessionManager.m; sourceTree = "<group>"; };
		34FD29801ED27CD100230BE3 /* JiaAFNetworking.h */ = {isa = PBXFileReference; fileEncoding = 4; lastKnownFileType = sourcecode.c.h; path = JiaAFNetworking.h; sourceTree = "<group>"; };
		34FD29811ED27CD100230BE3 /* JiaAFNetworkReachabilityManager.h */ = {isa = PBXFileReference; fileEncoding = 4; lastKnownFileType = sourcecode.c.h; path = JiaAFNetworkReachabilityManager.h; sourceTree = "<group>"; };
		34FD29821ED27CD100230BE3 /* JiaAFNetworkReachabilityManager.m */ = {isa = PBXFileReference; fileEncoding = 4; lastKnownFileType = sourcecode.c.objc; path = JiaAFNetworkReachabilityManager.m; sourceTree = "<group>"; };
		34FD29831ED27CD100230BE3 /* JiaAFSecurityPolicy.h */ = {isa = PBXFileReference; fileEncoding = 4; lastKnownFileType = sourcecode.c.h; path = JiaAFSecurityPolicy.h; sourceTree = "<group>"; };
		34FD29841ED27CD100230BE3 /* JiaAFSecurityPolicy.m */ = {isa = PBXFileReference; fileEncoding = 4; lastKnownFileType = sourcecode.c.objc; path = JiaAFSecurityPolicy.m; sourceTree = "<group>"; };
		34FD29851ED27CD100230BE3 /* JiaAFURLRequestSerialization.h */ = {isa = PBXFileReference; fileEncoding = 4; lastKnownFileType = sourcecode.c.h; path = JiaAFURLRequestSerialization.h; sourceTree = "<group>"; };
		34FD29861ED27CD100230BE3 /* JiaAFURLRequestSerialization.m */ = {isa = PBXFileReference; fileEncoding = 4; lastKnownFileType = sourcecode.c.objc; path = JiaAFURLRequestSerialization.m; sourceTree = "<group>"; };
		34FD29871ED27CD100230BE3 /* JiaAFURLResponseSerialization.h */ = {isa = PBXFileReference; fileEncoding = 4; lastKnownFileType = sourcecode.c.h; path = JiaAFURLResponseSerialization.h; sourceTree = "<group>"; };
		34FD29881ED27CD100230BE3 /* JiaAFURLResponseSerialization.m */ = {isa = PBXFileReference; fileEncoding = 4; lastKnownFileType = sourcecode.c.objc; path = JiaAFURLResponseSerialization.m; sourceTree = "<group>"; };
		34FD29891ED27CD100230BE3 /* JiaAFURLSessionManager.h */ = {isa = PBXFileReference; fileEncoding = 4; lastKnownFileType = sourcecode.c.h; path = JiaAFURLSessionManager.h; sourceTree = "<group>"; };
		34FD298A1ED27CD100230BE3 /* JiaAFURLSessionManager.m */ = {isa = PBXFileReference; fileEncoding = 4; lastKnownFileType = sourcecode.c.objc; path = JiaAFURLSessionManager.m; sourceTree = "<group>"; };
		34FD29AE1ED27D9000230BE3 /* config.xml */ = {isa = PBXFileReference; fileEncoding = 4; lastKnownFileType = text.xml; path = config.xml; sourceTree = "<group>"; };
		34FD29AF1ED27D9000230BE3 /* www */ = {isa = PBXFileReference; lastKnownFileType = folder; path = www; sourceTree = "<group>"; };
		34FD29B31ED2AA2800230BE3 /* JiaAFNetworkActivityIndicatorManager.h */ = {isa = PBXFileReference; fileEncoding = 4; lastKnownFileType = sourcecode.c.h; path = JiaAFNetworkActivityIndicatorManager.h; sourceTree = "<group>"; };
		34FD29B41ED2AA2800230BE3 /* JiaAFNetworkActivityIndicatorManager.m */ = {isa = PBXFileReference; fileEncoding = 4; lastKnownFileType = sourcecode.c.objc; path = JiaAFNetworkActivityIndicatorManager.m; sourceTree = "<group>"; };
		34FD29B61ED2AABF00230BE3 /* JiaYTKBaseRequest.h */ = {isa = PBXFileReference; fileEncoding = 4; lastKnownFileType = sourcecode.c.h; path = JiaYTKBaseRequest.h; sourceTree = "<group>"; };
		34FD29B71ED2AABF00230BE3 /* JiaYTKBaseRequest.m */ = {isa = PBXFileReference; fileEncoding = 4; lastKnownFileType = sourcecode.c.objc; path = JiaYTKBaseRequest.m; sourceTree = "<group>"; };
		34FD29B81ED2AABF00230BE3 /* JiaYTKBatchRequest.h */ = {isa = PBXFileReference; fileEncoding = 4; lastKnownFileType = sourcecode.c.h; path = JiaYTKBatchRequest.h; sourceTree = "<group>"; };
		34FD29B91ED2AABF00230BE3 /* JiaYTKBatchRequest.m */ = {isa = PBXFileReference; fileEncoding = 4; lastKnownFileType = sourcecode.c.objc; path = JiaYTKBatchRequest.m; sourceTree = "<group>"; };
		34FD29BA1ED2AABF00230BE3 /* JiaYTKBatchRequestAgent.h */ = {isa = PBXFileReference; fileEncoding = 4; lastKnownFileType = sourcecode.c.h; path = JiaYTKBatchRequestAgent.h; sourceTree = "<group>"; };
		34FD29BB1ED2AABF00230BE3 /* JiaYTKBatchRequestAgent.m */ = {isa = PBXFileReference; fileEncoding = 4; lastKnownFileType = sourcecode.c.objc; path = JiaYTKBatchRequestAgent.m; sourceTree = "<group>"; };
		34FD29BC1ED2AABF00230BE3 /* JiaYTKChainRequest.h */ = {isa = PBXFileReference; fileEncoding = 4; lastKnownFileType = sourcecode.c.h; path = JiaYTKChainRequest.h; sourceTree = "<group>"; };
		34FD29BD1ED2AABF00230BE3 /* JiaYTKChainRequest.m */ = {isa = PBXFileReference; fileEncoding = 4; lastKnownFileType = sourcecode.c.objc; path = JiaYTKChainRequest.m; sourceTree = "<group>"; };
		34FD29BE1ED2AABF00230BE3 /* JiaYTKChainRequestAgent.h */ = {isa = PBXFileReference; fileEncoding = 4; lastKnownFileType = sourcecode.c.h; path = JiaYTKChainRequestAgent.h; sourceTree = "<group>"; };
		34FD29BF1ED2AABF00230BE3 /* JiaYTKChainRequestAgent.m */ = {isa = PBXFileReference; fileEncoding = 4; lastKnownFileType = sourcecode.c.objc; path = JiaYTKChainRequestAgent.m; sourceTree = "<group>"; };
		34FD29C01ED2AABF00230BE3 /* JiaYTKNetwork.h */ = {isa = PBXFileReference; fileEncoding = 4; lastKnownFileType = sourcecode.c.h; path = JiaYTKNetwork.h; sourceTree = "<group>"; };
		34FD29C11ED2AABF00230BE3 /* JiaYTKNetworkAgent.h */ = {isa = PBXFileReference; fileEncoding = 4; lastKnownFileType = sourcecode.c.h; path = JiaYTKNetworkAgent.h; sourceTree = "<group>"; };
		34FD29C21ED2AABF00230BE3 /* JiaYTKNetworkAgent.m */ = {isa = PBXFileReference; fileEncoding = 4; lastKnownFileType = sourcecode.c.objc; path = JiaYTKNetworkAgent.m; sourceTree = "<group>"; };
		34FD29C31ED2AABF00230BE3 /* JiaYTKNetworkConfig.h */ = {isa = PBXFileReference; fileEncoding = 4; lastKnownFileType = sourcecode.c.h; path = JiaYTKNetworkConfig.h; sourceTree = "<group>"; };
		34FD29C41ED2AABF00230BE3 /* JiaYTKNetworkConfig.m */ = {isa = PBXFileReference; fileEncoding = 4; lastKnownFileType = sourcecode.c.objc; path = JiaYTKNetworkConfig.m; sourceTree = "<group>"; };
		34FD29C51ED2AABF00230BE3 /* JiaYTKNetworkPrivate.h */ = {isa = PBXFileReference; fileEncoding = 4; lastKnownFileType = sourcecode.c.h; path = JiaYTKNetworkPrivate.h; sourceTree = "<group>"; };
		34FD29C61ED2AABF00230BE3 /* JiaYTKNetworkPrivate.m */ = {isa = PBXFileReference; fileEncoding = 4; lastKnownFileType = sourcecode.c.objc; path = JiaYTKNetworkPrivate.m; sourceTree = "<group>"; };
		34FD29C71ED2AABF00230BE3 /* JiaYTKRequest.h */ = {isa = PBXFileReference; fileEncoding = 4; lastKnownFileType = sourcecode.c.h; path = JiaYTKRequest.h; sourceTree = "<group>"; };
		34FD29C81ED2AABF00230BE3 /* JiaYTKRequest.m */ = {isa = PBXFileReference; fileEncoding = 4; lastKnownFileType = sourcecode.c.objc; path = JiaYTKRequest.m; sourceTree = "<group>"; };
		34FD29D31ED2D98000230BE3 /* JiaCordova.h */ = {isa = PBXFileReference; fileEncoding = 4; lastKnownFileType = sourcecode.c.h; path = JiaCordova.h; sourceTree = "<group>"; };
		34FD29D41ED2E03D00230BE3 /* JiaCordovaFileManage.h */ = {isa = PBXFileReference; fileEncoding = 4; lastKnownFileType = sourcecode.c.h; path = JiaCordovaFileManage.h; sourceTree = "<group>"; };
		34FD29D51ED2E03D00230BE3 /* JiaCordovaFileManage.m */ = {isa = PBXFileReference; fileEncoding = 4; lastKnownFileType = sourcecode.c.objc; path = JiaCordovaFileManage.m; sourceTree = "<group>"; };
		34FD29D71ED2E29500230BE3 /* JiaCordovaViewController.h */ = {isa = PBXFileReference; fileEncoding = 4; lastKnownFileType = sourcecode.c.h; path = JiaCordovaViewController.h; sourceTree = "<group>"; };
		34FD29D81ED2E29500230BE3 /* JiaCordovaViewController.m */ = {isa = PBXFileReference; fileEncoding = 4; lastKnownFileType = sourcecode.c.objc; path = JiaCordovaViewController.m; sourceTree = "<group>"; };
		5FB7D4949989B086F941088C /* Pods-JiaCordova.debug.xcconfig */ = {isa = PBXFileReference; includeInIndex = 1; lastKnownFileType = text.xcconfig; name = "Pods-JiaCordova.debug.xcconfig"; path = "Pods/Target Support Files/Pods-JiaCordova/Pods-JiaCordova.debug.xcconfig"; sourceTree = "<group>"; };
		EF0939B271FA3DDEC2F622AA /* Pods-JiaCordova.release.xcconfig */ = {isa = PBXFileReference; includeInIndex = 1; lastKnownFileType = text.xcconfig; name = "Pods-JiaCordova.release.xcconfig"; path = "Pods/Target Support Files/Pods-JiaCordova/Pods-JiaCordova.release.xcconfig"; sourceTree = "<group>"; };
/* End PBXFileReference section */

/* Begin PBXFrameworksBuildPhase section */
		34FD293B1ED272AE00230BE3 /* Frameworks */ = {
			isa = PBXFrameworksBuildPhase;
			buildActionMask = 2147483647;
			files = (
				34A22312A9EC000B08E0664B /* libPods-JiaCordova.a in Frameworks */,
			);
			runOnlyForDeploymentPostprocessing = 0;
		};
		34FD295A1ED272AE00230BE3 /* Frameworks */ = {
			isa = PBXFrameworksBuildPhase;
			buildActionMask = 2147483647;
			files = (
			);
			runOnlyForDeploymentPostprocessing = 0;
		};
		34FD29651ED272AE00230BE3 /* Frameworks */ = {
			isa = PBXFrameworksBuildPhase;
			buildActionMask = 2147483647;
			files = (
			);
			runOnlyForDeploymentPostprocessing = 0;
		};
/* End PBXFrameworksBuildPhase section */

/* Begin PBXGroup section */
		3403DCBD1ED66C9C00DBAF24 /* JiaMBProgressHUD */ = {
			isa = PBXGroup;
			children = (
				3403DCC81ED6785500DBAF24 /* JiaMBProgressHUD.h */,
				3403DCC91ED6785500DBAF24 /* JiaMBProgressHUD.m */,
				3403DCC51ED6759000DBAF24 /* JiaMBProgressHUD+MP.h */,
				3403DCC61ED6759000DBAF24 /* JiaMBProgressHUD+MP.m */,
				3403DCC31ED6740400DBAF24 /* JiaMBprogressHUD.bundle */,
			);
			path = JiaMBProgressHUD;
			sourceTree = "<group>";
		};
		3416A5091ED40BA9006E229B /* testZip */ = {
			isa = PBXGroup;
			children = (
				3416A50A1ED40C5E006E229B /* html.zip */,
			);
			path = testZip;
			sourceTree = "<group>";
		};
		34FD29351ED272AE00230BE3 = {
			isa = PBXGroup;
			children = (
				34FD29401ED272AE00230BE3 /* JiaCordova */,
				34FD29601ED272AE00230BE3 /* JiaCordovaTests */,
				34FD296B1ED272AF00230BE3 /* JiaCordovaUITests */,
				34FD293F1ED272AE00230BE3 /* Products */,
				84353CEA9D53A1C6DCFE5A42 /* Pods */,
				44EC89B564374BF15BE9EB06 /* Frameworks */,
			);
			sourceTree = "<group>";
		};
		34FD293F1ED272AE00230BE3 /* Products */ = {
			isa = PBXGroup;
			children = (
				34FD293E1ED272AE00230BE3 /* JiaCordova.app */,
				34FD295D1ED272AE00230BE3 /* JiaCordovaTests.xctest */,
				34FD29681ED272AE00230BE3 /* JiaCordovaUITests.xctest */,
			);
			name = Products;
			sourceTree = "<group>";
		};
		34FD29401ED272AE00230BE3 /* JiaCordova */ = {
			isa = PBXGroup;
			children = (
				3416A5091ED40BA9006E229B /* testZip */,
				34FD29DA1ED2E65D00230BE3 /* JiaCordovaPlugin */,
				34FD29D21ED2D93C00230BE3 /* JiaCordovaManager */,
				34FD297C1ED27A8400230BE3 /* JiaNetwork */,
				34FD297B1ED275B000230BE3 /* JiaCordovaConfig */,
				34FD297A1ED2756200230BE3 /* JiaAFNetworking */,
				3403DCBD1ED66C9C00DBAF24 /* JiaMBProgressHUD */,
				34FD29441ED272AE00230BE3 /* AppDelegate.h */,
				34FD29451ED272AE00230BE3 /* AppDelegate.m */,
				34FD29471ED272AE00230BE3 /* RootViewController.h */,
				34FD29481ED272AE00230BE3 /* RootViewController.m */,
				34FD294A1ED272AE00230BE3 /* DataViewController.h */,
				34FD294B1ED272AE00230BE3 /* DataViewController.m */,
				34CD69F61ED587A3003538EB /* TestCordovaViewController.h */,
				34CD69F71ED587A3003538EB /* TestCordovaViewController.m */,
				34FD294D1ED272AE00230BE3 /* ModelController.h */,
				34FD294E1ED272AE00230BE3 /* ModelController.m */,
				34FD29501ED272AE00230BE3 /* Main.storyboard */,
				34FD29531ED272AE00230BE3 /* Assets.xcassets */,
				34FD29551ED272AE00230BE3 /* LaunchScreen.storyboard */,
				34FD29581ED272AE00230BE3 /* Info.plist */,
				34FD29411ED272AE00230BE3 /* Supporting Files */,
			);
			path = JiaCordova;
			sourceTree = "<group>";
		};
		34FD29411ED272AE00230BE3 /* Supporting Files */ = {
			isa = PBXGroup;
			children = (
				34FD29421ED272AE00230BE3 /* main.m */,
			);
			name = "Supporting Files";
			sourceTree = "<group>";
		};
		34FD29601ED272AE00230BE3 /* JiaCordovaTests */ = {
			isa = PBXGroup;
			children = (
				34FD29611ED272AE00230BE3 /* JiaCordovaTests.m */,
				34FD29631ED272AE00230BE3 /* Info.plist */,
			);
			path = JiaCordovaTests;
			sourceTree = "<group>";
		};
		34FD296B1ED272AF00230BE3 /* JiaCordovaUITests */ = {
			isa = PBXGroup;
			children = (
				34FD296C1ED272AF00230BE3 /* JiaCordovaUITests.m */,
				34FD296E1ED272AF00230BE3 /* Info.plist */,
			);
			path = JiaCordovaUITests;
			sourceTree = "<group>";
		};
		34FD297A1ED2756200230BE3 /* JiaAFNetworking */ = {
			isa = PBXGroup;
			children = (
				34FD29B31ED2AA2800230BE3 /* JiaAFNetworkActivityIndicatorManager.h */,
				34FD29B41ED2AA2800230BE3 /* JiaAFNetworkActivityIndicatorManager.m */,
				34FD297E1ED27CD100230BE3 /* JiaAFHTTPSessionManager.h */,
				34FD297F1ED27CD100230BE3 /* JiaAFHTTPSessionManager.m */,
				34FD29801ED27CD100230BE3 /* JiaAFNetworking.h */,
				34FD29811ED27CD100230BE3 /* JiaAFNetworkReachabilityManager.h */,
				34FD29821ED27CD100230BE3 /* JiaAFNetworkReachabilityManager.m */,
				34FD29831ED27CD100230BE3 /* JiaAFSecurityPolicy.h */,
				34FD29841ED27CD100230BE3 /* JiaAFSecurityPolicy.m */,
				34FD29851ED27CD100230BE3 /* JiaAFURLRequestSerialization.h */,
				34FD29861ED27CD100230BE3 /* JiaAFURLRequestSerialization.m */,
				34FD29871ED27CD100230BE3 /* JiaAFURLResponseSerialization.h */,
				34FD29881ED27CD100230BE3 /* JiaAFURLResponseSerialization.m */,
				34FD29891ED27CD100230BE3 /* JiaAFURLSessionManager.h */,
				34FD298A1ED27CD100230BE3 /* JiaAFURLSessionManager.m */,
			);
			path = JiaAFNetworking;
			sourceTree = "<group>";
		};
		34FD297B1ED275B000230BE3 /* JiaCordovaConfig */ = {
			isa = PBXGroup;
			children = (
				34FD29AE1ED27D9000230BE3 /* config.xml */,
				34FD29AF1ED27D9000230BE3 /* www */,
			);
			path = JiaCordovaConfig;
			sourceTree = "<group>";
		};
		34FD297C1ED27A8400230BE3 /* JiaNetwork */ = {
			isa = PBXGroup;
			children = (
				34FD29B61ED2AABF00230BE3 /* JiaYTKBaseRequest.h */,
				34FD29B71ED2AABF00230BE3 /* JiaYTKBaseRequest.m */,
				34FD29B81ED2AABF00230BE3 /* JiaYTKBatchRequest.h */,
				34FD29B91ED2AABF00230BE3 /* JiaYTKBatchRequest.m */,
				34FD29BA1ED2AABF00230BE3 /* JiaYTKBatchRequestAgent.h */,
				34FD29BB1ED2AABF00230BE3 /* JiaYTKBatchRequestAgent.m */,
				34FD29BC1ED2AABF00230BE3 /* JiaYTKChainRequest.h */,
				34FD29BD1ED2AABF00230BE3 /* JiaYTKChainRequest.m */,
				34FD29BE1ED2AABF00230BE3 /* JiaYTKChainRequestAgent.h */,
				34FD29BF1ED2AABF00230BE3 /* JiaYTKChainRequestAgent.m */,
				34FD29C01ED2AABF00230BE3 /* JiaYTKNetwork.h */,
				34FD29C11ED2AABF00230BE3 /* JiaYTKNetworkAgent.h */,
				34FD29C21ED2AABF00230BE3 /* JiaYTKNetworkAgent.m */,
				34FD29C31ED2AABF00230BE3 /* JiaYTKNetworkConfig.h */,
				34FD29C41ED2AABF00230BE3 /* JiaYTKNetworkConfig.m */,
				34FD29C51ED2AABF00230BE3 /* JiaYTKNetworkPrivate.h */,
				34FD29C61ED2AABF00230BE3 /* JiaYTKNetworkPrivate.m */,
				34FD29C71ED2AABF00230BE3 /* JiaYTKRequest.h */,
				34FD29C81ED2AABF00230BE3 /* JiaYTKRequest.m */,
			);
			path = JiaNetwork;
			sourceTree = "<group>";
		};
		34FD29D21ED2D93C00230BE3 /* JiaCordovaManager */ = {
			isa = PBXGroup;
			children = (
				34FD29D31ED2D98000230BE3 /* JiaCordova.h */,
				34FD29D41ED2E03D00230BE3 /* JiaCordovaFileManage.h */,
				34FD29D51ED2E03D00230BE3 /* JiaCordovaFileManage.m */,
				34FD29D71ED2E29500230BE3 /* JiaCordovaViewController.h */,
				34FD29D81ED2E29500230BE3 /* JiaCordovaViewController.m */,
				3416A5011ED3CF6D006E229B /* JiaCordovaSandBoxHelper.h */,
				3416A5021ED3CF6D006E229B /* JiaCordovaSandBoxHelper.m */,
				3416A5061ED3E027006E229B /* JiaCordovaDownloadService.h */,
				3416A5071ED3E027006E229B /* JiaCordovaDownloadService.m */,
			);
			path = JiaCordovaManager;
			sourceTree = "<group>";
		};
		34FD29DA1ED2E65D00230BE3 /* JiaCordovaPlugin */ = {
			isa = PBXGroup;
			children = (
			);
			name = JiaCordovaPlugin;
			sourceTree = "<group>";
		};
		44EC89B564374BF15BE9EB06 /* Frameworks */ = {
			isa = PBXGroup;
			children = (
				1DF3FAF97D294CE47AAA10CD /* libPods-JiaCordova.a */,
			);
			name = Frameworks;
			sourceTree = "<group>";
		};
		84353CEA9D53A1C6DCFE5A42 /* Pods */ = {
			isa = PBXGroup;
			children = (
				5FB7D4949989B086F941088C /* Pods-JiaCordova.debug.xcconfig */,
				EF0939B271FA3DDEC2F622AA /* Pods-JiaCordova.release.xcconfig */,
			);
			name = Pods;
			sourceTree = "<group>";
		};
/* End PBXGroup section */

/* Begin PBXNativeTarget section */
		34FD293D1ED272AE00230BE3 /* JiaCordova */ = {
			isa = PBXNativeTarget;
			buildConfigurationList = 34FD29711ED272AF00230BE3 /* Build configuration list for PBXNativeTarget "JiaCordova" */;
			buildPhases = (
				F78F28AACCA47AFB157451CF /* [CP] Check Pods Manifest.lock */,
				34FD293A1ED272AE00230BE3 /* Sources */,
				34FD293B1ED272AE00230BE3 /* Frameworks */,
				34FD293C1ED272AE00230BE3 /* Resources */,
				DFD2E6C08CBBF626BC0D718F /* [CP] Embed Pods Frameworks */,
				830AA6761D7E598BD6ED43B7 /* [CP] Copy Pods Resources */,
			);
			buildRules = (
			);
			dependencies = (
			);
			name = JiaCordova;
			productName = JiaCordova;
			productReference = 34FD293E1ED272AE00230BE3 /* JiaCordova.app */;
			productType = "com.apple.product-type.application";
		};
		34FD295C1ED272AE00230BE3 /* JiaCordovaTests */ = {
			isa = PBXNativeTarget;
			buildConfigurationList = 34FD29741ED272AF00230BE3 /* Build configuration list for PBXNativeTarget "JiaCordovaTests" */;
			buildPhases = (
				34FD29591ED272AE00230BE3 /* Sources */,
				34FD295A1ED272AE00230BE3 /* Frameworks */,
				34FD295B1ED272AE00230BE3 /* Resources */,
			);
			buildRules = (
			);
			dependencies = (
				34FD295F1ED272AE00230BE3 /* PBXTargetDependency */,
			);
			name = JiaCordovaTests;
			productName = JiaCordovaTests;
			productReference = 34FD295D1ED272AE00230BE3 /* JiaCordovaTests.xctest */;
			productType = "com.apple.product-type.bundle.unit-test";
		};
		34FD29671ED272AE00230BE3 /* JiaCordovaUITests */ = {
			isa = PBXNativeTarget;
			buildConfigurationList = 34FD29771ED272AF00230BE3 /* Build configuration list for PBXNativeTarget "JiaCordovaUITests" */;
			buildPhases = (
				34FD29641ED272AE00230BE3 /* Sources */,
				34FD29651ED272AE00230BE3 /* Frameworks */,
				34FD29661ED272AE00230BE3 /* Resources */,
			);
			buildRules = (
			);
			dependencies = (
				34FD296A1ED272AE00230BE3 /* PBXTargetDependency */,
			);
			name = JiaCordovaUITests;
			productName = JiaCordovaUITests;
			productReference = 34FD29681ED272AE00230BE3 /* JiaCordovaUITests.xctest */;
			productType = "com.apple.product-type.bundle.ui-testing";
		};
/* End PBXNativeTarget section */

/* Begin PBXProject section */
		34FD29361ED272AE00230BE3 /* Project object */ = {
			isa = PBXProject;
			attributes = {
				LastUpgradeCheck = 0830;
				ORGANIZATIONNAME = wujunyang;
				TargetAttributes = {
					34FD293D1ED272AE00230BE3 = {
						CreatedOnToolsVersion = 8.3.2;
						ProvisioningStyle = Automatic;
					};
					34FD295C1ED272AE00230BE3 = {
						CreatedOnToolsVersion = 8.3.2;
						ProvisioningStyle = Automatic;
						TestTargetID = 34FD293D1ED272AE00230BE3;
					};
					34FD29671ED272AE00230BE3 = {
						CreatedOnToolsVersion = 8.3.2;
						ProvisioningStyle = Automatic;
						TestTargetID = 34FD293D1ED272AE00230BE3;
					};
				};
			};
			buildConfigurationList = 34FD29391ED272AE00230BE3 /* Build configuration list for PBXProject "JiaCordova" */;
			compatibilityVersion = "Xcode 3.2";
			developmentRegion = English;
			hasScannedForEncodings = 0;
			knownRegions = (
				en,
				Base,
			);
			mainGroup = 34FD29351ED272AE00230BE3;
			productRefGroup = 34FD293F1ED272AE00230BE3 /* Products */;
			projectDirPath = "";
			projectRoot = "";
			targets = (
				34FD293D1ED272AE00230BE3 /* JiaCordova */,
				34FD295C1ED272AE00230BE3 /* JiaCordovaTests */,
				34FD29671ED272AE00230BE3 /* JiaCordovaUITests */,
			);
		};
/* End PBXProject section */

/* Begin PBXResourcesBuildPhase section */
		34FD293C1ED272AE00230BE3 /* Resources */ = {
			isa = PBXResourcesBuildPhase;
			buildActionMask = 2147483647;
			files = (
				34FD29571ED272AE00230BE3 /* LaunchScreen.storyboard in Resources */,
				34FD29541ED272AE00230BE3 /* Assets.xcassets in Resources */,
				3416A50B1ED40C5E006E229B /* html.zip in Resources */,
				34FD29521ED272AE00230BE3 /* Main.storyboard in Resources */,
				34FD29B11ED27D9000230BE3 /* www in Resources */,
				34FD29B01ED27D9000230BE3 /* config.xml in Resources */,
				3403DCC41ED6740400DBAF24 /* JiaMBprogressHUD.bundle in Resources */,
			);
			runOnlyForDeploymentPostprocessing = 0;
		};
		34FD295B1ED272AE00230BE3 /* Resources */ = {
			isa = PBXResourcesBuildPhase;
			buildActionMask = 2147483647;
			files = (
			);
			runOnlyForDeploymentPostprocessing = 0;
		};
		34FD29661ED272AE00230BE3 /* Resources */ = {
			isa = PBXResourcesBuildPhase;
			buildActionMask = 2147483647;
			files = (
			);
			runOnlyForDeploymentPostprocessing = 0;
		};
/* End PBXResourcesBuildPhase section */

/* Begin PBXShellScriptBuildPhase section */
		830AA6761D7E598BD6ED43B7 /* [CP] Copy Pods Resources */ = {
			isa = PBXShellScriptBuildPhase;
			buildActionMask = 2147483647;
			files = (
			);
			inputPaths = (
			);
			name = "[CP] Copy Pods Resources";
			outputPaths = (
			);
			runOnlyForDeploymentPostprocessing = 0;
			shellPath = /bin/sh;
			shellScript = "\"${SRCROOT}/Pods/Target Support Files/Pods-JiaCordova/Pods-JiaCordova-resources.sh\"\n";
			showEnvVarsInLog = 0;
		};
		DFD2E6C08CBBF626BC0D718F /* [CP] Embed Pods Frameworks */ = {
			isa = PBXShellScriptBuildPhase;
			buildActionMask = 2147483647;
			files = (
			);
			inputPaths = (
			);
			name = "[CP] Embed Pods Frameworks";
			outputPaths = (
			);
			runOnlyForDeploymentPostprocessing = 0;
			shellPath = /bin/sh;
			shellScript = "\"${SRCROOT}/Pods/Target Support Files/Pods-JiaCordova/Pods-JiaCordova-frameworks.sh\"\n";
			showEnvVarsInLog = 0;
		};
		F78F28AACCA47AFB157451CF /* [CP] Check Pods Manifest.lock */ = {
			isa = PBXShellScriptBuildPhase;
			buildActionMask = 2147483647;
			files = (
			);
			inputPaths = (
			);
			name = "[CP] Check Pods Manifest.lock";
			outputPaths = (
			);
			runOnlyForDeploymentPostprocessing = 0;
			shellPath = /bin/sh;
			shellScript = "diff \"${PODS_ROOT}/../Podfile.lock\" \"${PODS_ROOT}/Manifest.lock\" > /dev/null\nif [ $? != 0 ] ; then\n    # print error to STDERR\n    echo \"error: The sandbox is not in sync with the Podfile.lock. Run 'pod install' or update your CocoaPods installation.\" >&2\n    exit 1\nfi\n";
			showEnvVarsInLog = 0;
		};
/* End PBXShellScriptBuildPhase section */

/* Begin PBXSourcesBuildPhase section */
		34FD293A1ED272AE00230BE3 /* Sources */ = {
			isa = PBXSourcesBuildPhase;
			buildActionMask = 2147483647;
			files = (
				34FD29CD1ED2AABF00230BE3 /* JiaYTKChainRequestAgent.m in Sources */,
				34FD29CE1ED2AABF00230BE3 /* JiaYTKNetworkAgent.m in Sources */,
				34FD29CC1ED2AABF00230BE3 /* JiaYTKChainRequest.m in Sources */,
				34FD298E1ED27CD100230BE3 /* JiaAFURLRequestSerialization.m in Sources */,
				34FD294C1ED272AE00230BE3 /* DataViewController.m in Sources */,
				34FD29461ED272AE00230BE3 /* AppDelegate.m in Sources */,
				34FD294F1ED272AE00230BE3 /* ModelController.m in Sources */,
				34FD29D91ED2E29500230BE3 /* JiaCordovaViewController.m in Sources */,
				34FD29901ED27CD100230BE3 /* JiaAFURLSessionManager.m in Sources */,
				34FD29D61ED2E03D00230BE3 /* JiaCordovaFileManage.m in Sources */,
				3403DCC71ED6759000DBAF24 /* JiaMBProgressHUD+MP.m in Sources */,
				34FD298F1ED27CD100230BE3 /* JiaAFURLResponseSerialization.m in Sources */,
				34FD298C1ED27CD100230BE3 /* JiaAFNetworkReachabilityManager.m in Sources */,
				34FD29D11ED2AABF00230BE3 /* JiaYTKRequest.m in Sources */,
				3416A5031ED3CF6D006E229B /* JiaCordovaSandBoxHelper.m in Sources */,
				34FD298D1ED27CD100230BE3 /* JiaAFSecurityPolicy.m in Sources */,
				34FD29CF1ED2AABF00230BE3 /* JiaYTKNetworkConfig.m in Sources */,
				34FD298B1ED27CD100230BE3 /* JiaAFHTTPSessionManager.m in Sources */,
				3416A5081ED3E027006E229B /* JiaCordovaDownloadService.m in Sources */,
				34FD29431ED272AE00230BE3 /* main.m in Sources */,
				34CD69F81ED587A3003538EB /* TestCordovaViewController.m in Sources */,
				34FD29491ED272AE00230BE3 /* RootViewController.m in Sources */,
				34FD29C91ED2AABF00230BE3 /* JiaYTKBaseRequest.m in Sources */,
				34FD29B51ED2AA2800230BE3 /* JiaAFNetworkActivityIndicatorManager.m in Sources */,
				34FD29CA1ED2AABF00230BE3 /* JiaYTKBatchRequest.m in Sources */,
				34FD29CB1ED2AABF00230BE3 /* JiaYTKBatchRequestAgent.m in Sources */,
				34FD29D01ED2AABF00230BE3 /* JiaYTKNetworkPrivate.m in Sources */,
				3403DCCA1ED6785500DBAF24 /* JiaMBProgressHUD.m in Sources */,
			);
			runOnlyForDeploymentPostprocessing = 0;
		};
		34FD29591ED272AE00230BE3 /* Sources */ = {
			isa = PBXSourcesBuildPhase;
			buildActionMask = 2147483647;
			files = (
				34FD29621ED272AE00230BE3 /* JiaCordovaTests.m in Sources */,
			);
			runOnlyForDeploymentPostprocessing = 0;
		};
		34FD29641ED272AE00230BE3 /* Sources */ = {
			isa = PBXSourcesBuildPhase;
			buildActionMask = 2147483647;
			files = (
				34FD296D1ED272AF00230BE3 /* JiaCordovaUITests.m in Sources */,
			);
			runOnlyForDeploymentPostprocessing = 0;
		};
/* End PBXSourcesBuildPhase section */

/* Begin PBXTargetDependency section */
		34FD295F1ED272AE00230BE3 /* PBXTargetDependency */ = {
			isa = PBXTargetDependency;
			target = 34FD293D1ED272AE00230BE3 /* JiaCordova */;
			targetProxy = 34FD295E1ED272AE00230BE3 /* PBXContainerItemProxy */;
		};
		34FD296A1ED272AE00230BE3 /* PBXTargetDependency */ = {
			isa = PBXTargetDependency;
			target = 34FD293D1ED272AE00230BE3 /* JiaCordova */;
			targetProxy = 34FD29691ED272AE00230BE3 /* PBXContainerItemProxy */;
		};
/* End PBXTargetDependency section */

/* Begin PBXVariantGroup section */
		34FD29501ED272AE00230BE3 /* Main.storyboard */ = {
			isa = PBXVariantGroup;
			children = (
				34FD29511ED272AE00230BE3 /* Base */,
			);
			name = Main.storyboard;
			sourceTree = "<group>";
		};
		34FD29551ED272AE00230BE3 /* LaunchScreen.storyboard */ = {
			isa = PBXVariantGroup;
			children = (
				34FD29561ED272AE00230BE3 /* Base */,
			);
			name = LaunchScreen.storyboard;
			sourceTree = "<group>";
		};
/* End PBXVariantGroup section */

/* Begin XCBuildConfiguration section */
		34FD296F1ED272AF00230BE3 /* Debug */ = {
			isa = XCBuildConfiguration;
			buildSettings = {
				ALWAYS_SEARCH_USER_PATHS = NO;
				CLANG_ANALYZER_NONNULL = YES;
				CLANG_ANALYZER_NUMBER_OBJECT_CONVERSION = YES_AGGRESSIVE;
				CLANG_CXX_LANGUAGE_STANDARD = "gnu++0x";
				CLANG_CXX_LIBRARY = "libc++";
				CLANG_ENABLE_MODULES = YES;
				CLANG_ENABLE_OBJC_ARC = YES;
				CLANG_WARN_BOOL_CONVERSION = YES;
				CLANG_WARN_CONSTANT_CONVERSION = YES;
				CLANG_WARN_DIRECT_OBJC_ISA_USAGE = YES_ERROR;
				CLANG_WARN_DOCUMENTATION_COMMENTS = YES;
				CLANG_WARN_EMPTY_BODY = YES;
				CLANG_WARN_ENUM_CONVERSION = YES;
				CLANG_WARN_INFINITE_RECURSION = YES;
				CLANG_WARN_INT_CONVERSION = YES;
				CLANG_WARN_OBJC_ROOT_CLASS = YES_ERROR;
				CLANG_WARN_SUSPICIOUS_MOVE = YES;
				CLANG_WARN_UNREACHABLE_CODE = YES;
				CLANG_WARN__DUPLICATE_METHOD_MATCH = YES;
				"CODE_SIGN_IDENTITY[sdk=iphoneos*]" = "iPhone Developer";
				COPY_PHASE_STRIP = NO;
				DEBUG_INFORMATION_FORMAT = dwarf;
				ENABLE_STRICT_OBJC_MSGSEND = YES;
				ENABLE_TESTABILITY = YES;
				GCC_C_LANGUAGE_STANDARD = gnu99;
				GCC_DYNAMIC_NO_PIC = NO;
				GCC_NO_COMMON_BLOCKS = YES;
				GCC_OPTIMIZATION_LEVEL = 0;
				GCC_PREPROCESSOR_DEFINITIONS = (
					"DEBUG=1",
					"$(inherited)",
				);
				GCC_WARN_64_TO_32_BIT_CONVERSION = YES;
				GCC_WARN_ABOUT_RETURN_TYPE = YES_ERROR;
				GCC_WARN_UNDECLARED_SELECTOR = YES;
				GCC_WARN_UNINITIALIZED_AUTOS = YES_AGGRESSIVE;
				GCC_WARN_UNUSED_FUNCTION = YES;
				GCC_WARN_UNUSED_VARIABLE = YES;
				IPHONEOS_DEPLOYMENT_TARGET = 10.3;
				MTL_ENABLE_DEBUG_INFO = YES;
				ONLY_ACTIVE_ARCH = YES;
				SDKROOT = iphoneos;
			};
			name = Debug;
		};
		34FD29701ED272AF00230BE3 /* Release */ = {
			isa = XCBuildConfiguration;
			buildSettings = {
				ALWAYS_SEARCH_USER_PATHS = NO;
				CLANG_ANALYZER_NONNULL = YES;
				CLANG_ANALYZER_NUMBER_OBJECT_CONVERSION = YES_AGGRESSIVE;
				CLANG_CXX_LANGUAGE_STANDARD = "gnu++0x";
				CLANG_CXX_LIBRARY = "libc++";
				CLANG_ENABLE_MODULES = YES;
				CLANG_ENABLE_OBJC_ARC = YES;
				CLANG_WARN_BOOL_CONVERSION = YES;
				CLANG_WARN_CONSTANT_CONVERSION = YES;
				CLANG_WARN_DIRECT_OBJC_ISA_USAGE = YES_ERROR;
				CLANG_WARN_DOCUMENTATION_COMMENTS = YES;
				CLANG_WARN_EMPTY_BODY = YES;
				CLANG_WARN_ENUM_CONVERSION = YES;
				CLANG_WARN_INFINITE_RECURSION = YES;
				CLANG_WARN_INT_CONVERSION = YES;
				CLANG_WARN_OBJC_ROOT_CLASS = YES_ERROR;
				CLANG_WARN_SUSPICIOUS_MOVE = YES;
				CLANG_WARN_UNREACHABLE_CODE = YES;
				CLANG_WARN__DUPLICATE_METHOD_MATCH = YES;
				"CODE_SIGN_IDENTITY[sdk=iphoneos*]" = "iPhone Developer";
				COPY_PHASE_STRIP = NO;
				DEBUG_INFORMATION_FORMAT = "dwarf-with-dsym";
				ENABLE_NS_ASSERTIONS = NO;
				ENABLE_STRICT_OBJC_MSGSEND = YES;
				GCC_C_LANGUAGE_STANDARD = gnu99;
				GCC_NO_COMMON_BLOCKS = YES;
				GCC_WARN_64_TO_32_BIT_CONVERSION = YES;
				GCC_WARN_ABOUT_RETURN_TYPE = YES_ERROR;
				GCC_WARN_UNDECLARED_SELECTOR = YES;
				GCC_WARN_UNINITIALIZED_AUTOS = YES_AGGRESSIVE;
				GCC_WARN_UNUSED_FUNCTION = YES;
				GCC_WARN_UNUSED_VARIABLE = YES;
				IPHONEOS_DEPLOYMENT_TARGET = 10.3;
				MTL_ENABLE_DEBUG_INFO = NO;
				SDKROOT = iphoneos;
				VALIDATE_PRODUCT = YES;
			};
			name = Release;
		};
		34FD29721ED272AF00230BE3 /* Debug */ = {
			isa = XCBuildConfiguration;
			baseConfigurationReference = 5FB7D4949989B086F941088C /* Pods-JiaCordova.debug.xcconfig */;
			buildSettings = {
				ASSETCATALOG_COMPILER_APPICON_NAME = AppIcon;
				INFOPLIST_FILE = JiaCordova/Info.plist;
				LD_RUNPATH_SEARCH_PATHS = "$(inherited) @executable_path/Frameworks";
				PRODUCT_BUNDLE_IDENTIFIER = wjy.com.JiaCordova;
				PRODUCT_NAME = "$(TARGET_NAME)";
			};
			name = Debug;
		};
		34FD29731ED272AF00230BE3 /* Release */ = {
			isa = XCBuildConfiguration;
			baseConfigurationReference = EF0939B271FA3DDEC2F622AA /* Pods-JiaCordova.release.xcconfig */;
			buildSettings = {
				ASSETCATALOG_COMPILER_APPICON_NAME = AppIcon;
				INFOPLIST_FILE = JiaCordova/Info.plist;
				LD_RUNPATH_SEARCH_PATHS = "$(inherited) @executable_path/Frameworks";
				PRODUCT_BUNDLE_IDENTIFIER = wjy.com.JiaCordova;
				PRODUCT_NAME = "$(TARGET_NAME)";
			};
			name = Release;
		};
		34FD29751ED272AF00230BE3 /* Debug */ = {
			isa = XCBuildConfiguration;
			buildSettings = {
				BUNDLE_LOADER = "$(TEST_HOST)";
				INFOPLIST_FILE = JiaCordovaTests/Info.plist;
				LD_RUNPATH_SEARCH_PATHS = "$(inherited) @executable_path/Frameworks @loader_path/Frameworks";
				PRODUCT_BUNDLE_IDENTIFIER = wjy.com.JiaCordovaTests;
				PRODUCT_NAME = "$(TARGET_NAME)";
				TEST_HOST = "$(BUILT_PRODUCTS_DIR)/JiaCordova.app/JiaCordova";
			};
			name = Debug;
		};
		34FD29761ED272AF00230BE3 /* Release */ = {
			isa = XCBuildConfiguration;
			buildSettings = {
				BUNDLE_LOADER = "$(TEST_HOST)";
				INFOPLIST_FILE = JiaCordovaTests/Info.plist;
				LD_RUNPATH_SEARCH_PATHS = "$(inherited) @executable_path/Frameworks @loader_path/Frameworks";
				PRODUCT_BUNDLE_IDENTIFIER = wjy.com.JiaCordovaTests;
				PRODUCT_NAME = "$(TARGET_NAME)";
				TEST_HOST = "$(BUILT_PRODUCTS_DIR)/JiaCordova.app/JiaCordova";
			};
			name = Release;
		};
		34FD29781ED272AF00230BE3 /* Debug */ = {
			isa = XCBuildConfiguration;
			buildSettings = {
				INFOPLIST_FILE = JiaCordovaUITests/Info.plist;
				LD_RUNPATH_SEARCH_PATHS = "$(inherited) @executable_path/Frameworks @loader_path/Frameworks";
				PRODUCT_BUNDLE_IDENTIFIER = wjy.com.JiaCordovaUITests;
				PRODUCT_NAME = "$(TARGET_NAME)";
				TEST_TARGET_NAME = JiaCordova;
			};
			name = Debug;
		};
		34FD29791ED272AF00230BE3 /* Release */ = {
			isa = XCBuildConfiguration;
			buildSettings = {
				INFOPLIST_FILE = JiaCordovaUITests/Info.plist;
				LD_RUNPATH_SEARCH_PATHS = "$(inherited) @executable_path/Frameworks @loader_path/Frameworks";
				PRODUCT_BUNDLE_IDENTIFIER = wjy.com.JiaCordovaUITests;
				PRODUCT_NAME = "$(TARGET_NAME)";
				TEST_TARGET_NAME = JiaCordova;
			};
			name = Release;
		};
/* End XCBuildConfiguration section */

/* Begin XCConfigurationList section */
		34FD29391ED272AE00230BE3 /* Build configuration list for PBXProject "JiaCordova" */ = {
			isa = XCConfigurationList;
			buildConfigurations = (
				34FD296F1ED272AF00230BE3 /* Debug */,
				34FD29701ED272AF00230BE3 /* Release */,
			);
			defaultConfigurationIsVisible = 0;
			defaultConfigurationName = Release;
		};
		34FD29711ED272AF00230BE3 /* Build configuration list for PBXNativeTarget "JiaCordova" */ = {
			isa = XCConfigurationList;
			buildConfigurations = (
				34FD29721ED272AF00230BE3 /* Debug */,
				34FD29731ED272AF00230BE3 /* Release */,
			);
			defaultConfigurationIsVisible = 0;
			defaultConfigurationName = Release;
		};
		34FD29741ED272AF00230BE3 /* Build configuration list for PBXNativeTarget "JiaCordovaTests" */ = {
			isa = XCConfigurationList;
			buildConfigurations = (
				34FD29751ED272AF00230BE3 /* Debug */,
				34FD29761ED272AF00230BE3 /* Release */,
			);
			defaultConfigurationIsVisible = 0;
			defaultConfigurationName = Release;
		};
		34FD29771ED272AF00230BE3 /* Build configuration list for PBXNativeTarget "JiaCordovaUITests" */ = {
			isa = XCConfigurationList;
			buildConfigurations = (
				34FD29781ED272AF00230BE3 /* Debug */,
				34FD29791ED272AF00230BE3 /* Release */,
			);
			defaultConfigurationIsVisible = 0;
			defaultConfigurationName = Release;
		};
/* End XCConfigurationList section */
	};
	rootObject = 34FD29361ED272AE00230BE3 /* Project object */;
}
